
Microsoft Visual Studio Solution File, Format Version 12.00
# Visual Studio Version 16
VisualStudioVersion = 16.0.31410.357
MinimumVisualStudioVersion = 10.0.40219.1
Project("{FAE04EC0-301F-11D3-BF4B-00C04F79EFBC}") = "SiaBR", "SiaBR\SiaBR.csproj", "{BA88142D-DB87-478E-BCCA-4723D254C572}"
EndProject
Global
	GlobalSection(SolutionConfigurationPlatforms) = preSolution
		Debug|Any CPU = Debug|Any CPU
		Release|Any CPU = Release|Any CPU
	EndGlobalSection
	GlobalSection(ProjectConfigurationPlatforms) = postSolution
		{BA88142D-DB87-478E-BCCA-4723D254C572}.Debug|Any CPU.ActiveCfg = Debug|Any CPU
		{BA88142D-DB87-478E-BCCA-4723D254C572}.Debug|Any CPU.Build.0 = Debug|Any CPU
		{BA88142D-DB87-478E-BCCA-4723D254C572}.Release|Any CPU.ActiveCfg = Release|Any CPU
		{BA88142D-DB87-478E-BCCA-4723D254C572}.Release|Any CPU.Build.0 = Release|Any CPU
	EndGlobalSection
	GlobalSection(SolutionProperties) = preSolution
		HideSolutionNode = FALSE
	EndGlobalSection
	GlobalSection(ExtensibilityGlobals) = postSolution
		SolutionGuid = {5BE8F53D-3001-4D40-B277-95D7F8431F20}
	EndGlobalSection
EndGlobal
